
Microsoft Visual Studio Solution File, Format Version 12.00
# Visual Studio 15
Project("{FAE04EC0-301F-11D3-BF4B-00C04F79EFBC}") = "KnightMiner.Plugins", "KnightMiner.Plugins.csproj", "{C6E2195D-1162-9BFF-577F-0C2FC045428F}"
EndProject
Project("{FAE04EC0-301F-11D3-BF4B-00C04F79EFBC}") = "KnightMiner", "KnightMiner.csproj", "{3489A34D-43F8-7F7E-AF7D-DFFA8BC78BDB}"
EndProject
Project("{FAE04EC0-301F-11D3-BF4B-00C04F79EFBC}") = "KnightMiner.Editor", "KnightMiner.Editor.csproj", "{ABA5C8E6-EAD6-4045-A9D5-155DEA1EAF87}"
EndProject
Global
	GlobalSection(SolutionConfigurationPlatforms) = preSolution
		Debug|Any CPU = Debug|Any CPU
		Release|Any CPU = Release|Any CPU
	EndGlobalSection
	GlobalSection(ProjectConfigurationPlatforms) = postSolution
		{C6E2195D-1162-9BFF-577F-0C2FC045428F}.Debug|Any CPU.ActiveCfg = Debug|Any CPU
		{C6E2195D-1162-9BFF-577F-0C2FC045428F}.Debug|Any CPU.Build.0 = Debug|Any CPU
		{C6E2195D-1162-9BFF-577F-0C2FC045428F}.Release|Any CPU.ActiveCfg = Release|Any CPU
		{C6E2195D-1162-9BFF-577F-0C2FC045428F}.Release|Any CPU.Build.0 = Release|Any CPU
		{3489A34D-43F8-7F7E-AF7D-DFFA8BC78BDB}.Debug|Any CPU.ActiveCfg = Debug|Any CPU
		{3489A34D-43F8-7F7E-AF7D-DFFA8BC78BDB}.Debug|Any CPU.Build.0 = Debug|Any CPU
		{3489A34D-43F8-7F7E-AF7D-DFFA8BC78BDB}.Release|Any CPU.ActiveCfg = Release|Any CPU
		{3489A34D-43F8-7F7E-AF7D-DFFA8BC78BDB}.Release|Any CPU.Build.0 = Release|Any CPU
		{ABA5C8E6-EAD6-4045-A9D5-155DEA1EAF87}.Debug|Any CPU.ActiveCfg = Debug|Any CPU
		{ABA5C8E6-EAD6-4045-A9D5-155DEA1EAF87}.Debug|Any CPU.Build.0 = Debug|Any CPU
		{ABA5C8E6-EAD6-4045-A9D5-155DEA1EAF87}.Release|Any CPU.ActiveCfg = Release|Any CPU
		{ABA5C8E6-EAD6-4045-A9D5-155DEA1EAF87}.Release|Any CPU.Build.0 = Release|Any CPU
	EndGlobalSection
	GlobalSection(SolutionProperties) = preSolution
		HideSolutionNode = FALSE
	EndGlobalSection
EndGlobal
